Microsoft Visual Studio Solution File, Format Version 11.00
# Visual Studio 2008

Project("{65776155-D535-3E5C-1519-087C5C5935EE}") = "Reliquary", "Assembly-CSharp.csproj", "{5228A07E-C950-96B7-593F-E12AB29D9750}"
EndProject
Global
	GlobalSection(SolutionConfigurationPlatforms) = preSolution
		Debug|Any CPU = Debug|Any CPU
		Release|Any CPU = Release|Any CPU
	EndGlobalSection
	GlobalSection(ProjectConfigurationPlatforms) = postSolution
		{5228A07E-C950-96B7-593F-E12AB29D9750}.Debug|Any CPU.ActiveCfg = Debug|Any CPU
		{5228A07E-C950-96B7-593F-E12AB29D9750}.Debug|Any CPU.Build.0 = Debug|Any CPU
		{5228A07E-C950-96B7-593F-E12AB29D9750}.Release|Any CPU.ActiveCfg = Release|Any CPU
		{5228A07E-C950-96B7-593F-E12AB29D9750}.Release|Any CPU.Build.0 = Release|Any CPU
	EndGlobalSection
	GlobalSection(SolutionProperties) = preSolution
		HideSolutionNode = FALSE
	EndGlobalSection
	GlobalSection(MonoDevelopProperties) = preSolution
		StartupItem = Assembly-CSharp.csproj
	EndGlobalSection
EndGlobal
